// !$*UTF8*$!
{
	archiveVersion = 1;
	classes = {
	};
	objectVersion = 56;
	objects = {

/* Begin PBXBuildFile section */
		2D3137752AFE0A5200AF9277 /* AppDelegate.swift in Sources */ = {isa = PBXBuildFile; fileRef = 2D3137742AFE0A5200AF9277 /* AppDelegate.swift */; };
		2D3137772AFE0A5200AF9277 /* SceneDelegate.swift in Sources */ = {isa = PBXBuildFile; fileRef = 2D3137762AFE0A5200AF9277 /* SceneDelegate.swift */; };
		2D3137792AFE0A5200AF9277 /* MoviesViewController.swift in Sources */ = {isa = PBXBuildFile; fileRef = 2D3137782AFE0A5200AF9277 /* MoviesViewController.swift */; };
		2D31377E2AFE0A5300AF9277 /* Assets.xcassets in Resources */ = {isa = PBXBuildFile; fileRef = 2D31377D2AFE0A5300AF9277 /* Assets.xcassets */; };
		2D3137812AFE0A5300AF9277 /* LaunchScreen.storyboard in Resources */ = {isa = PBXBuildFile; fileRef = 2D31377F2AFE0A5300AF9277 /* LaunchScreen.storyboard */; };
		2D31378A2AFE0B0800AF9277 /* AppDependencyContainer.swift in Sources */ = {isa = PBXBuildFile; fileRef = 2D3137892AFE0B0800AF9277 /* AppDependencyContainer.swift */; };
		2D3137942AFE104500AF9277 /* MoviesRootView.swift in Sources */ = {isa = PBXBuildFile; fileRef = 2D3137932AFE104500AF9277 /* MoviesRootView.swift */; };
		2D3137982AFE10D100AF9277 /* MoviesViewModel.swift in Sources */ = {isa = PBXBuildFile; fileRef = 2D3137972AFE10D100AF9277 /* MoviesViewModel.swift */; };
		2D31379C2AFE117600AF9277 /* MovieCell.swift in Sources */ = {isa = PBXBuildFile; fileRef = 2D31379A2AFE117600AF9277 /* MovieCell.swift */; };
		2D31379D2AFE117600AF9277 /* MovieCell.xib in Resources */ = {isa = PBXBuildFile; fileRef = 2D31379B2AFE117600AF9277 /* MovieCell.xib */; };
		2D3137A02AFE122C00AF9277 /* Movie.swift in Sources */ = {isa = PBXBuildFile; fileRef = 2D31379F2AFE122C00AF9277 /* Movie.swift */; };
		2D3137A82AFE188800AF9277 /* MainNavigationController.swift in Sources */ = {isa = PBXBuildFile; fileRef = 2D3137A62AFE188800AF9277 /* MainNavigationController.swift */; };
		2D3137AB2AFE191C00AF9277 /* MovieSelectionResponder.swift in Sources */ = {isa = PBXBuildFile; fileRef = 2D3137AA2AFE191C00AF9277 /* MovieSelectionResponder.swift */; };
		2D3137AF2AFE1B4A00AF9277 /* MovieDetailsViewController.swift in Sources */ = {isa = PBXBuildFile; fileRef = 2D3137AD2AFE1B4A00AF9277 /* MovieDetailsViewController.swift */; };
		2D3137B02AFE1B4A00AF9277 /* MovieDetailsViewController.xib in Resources */ = {isa = PBXBuildFile; fileRef = 2D3137AE2AFE1B4A00AF9277 /* MovieDetailsViewController.xib */; };
		2D3137B62AFE1CE700AF9277 /* MovieDetailsRootView.swift in Sources */ = {isa = PBXBuildFile; fileRef = 2D3137B52AFE1CE700AF9277 /* MovieDetailsRootView.swift */; };
		2D3137B82AFE1D0A00AF9277 /* MovieDetailsViewModel.swift in Sources */ = {isa = PBXBuildFile; fileRef = 2D3137B72AFE1D0A00AF9277 /* MovieDetailsViewModel.swift */; };
		2D3137BA2AFE1E5600AF9277 /* MovieDetails.swift in Sources */ = {isa = PBXBuildFile; fileRef = 2D3137B92AFE1E5600AF9277 /* MovieDetails.swift */; };
/* End PBXBuildFile section */

/* Begin PBXFileReference section */
		2D3137712AFE0A5200AF9277 /* Movies.app */ = {isa = PBXFileReference; explicitFileType = wrapper.application; includeInIndex = 0; path = Movies.app; sourceTree = BUILT_PRODUCTS_DIR; };
		2D3137742AFE0A5200AF9277 /* AppDelegate.swift */ = {isa = PBXFileReference; lastKnownFileType = sourcecode.swift; path = AppDelegate.swift; sourceTree = "<group>"; };
		2D3137762AFE0A5200AF9277 /* SceneDelegate.swift */ = {isa = PBXFileReference; lastKnownFileType = sourcecode.swift; path = SceneDelegate.swift; sourceTree = "<group>"; };
		2D3137782AFE0A5200AF9277 /* MoviesViewController.swift */ = {isa = PBXFileReference; lastKnownFileType = sourcecode.swift; path = MoviesViewController.swift; sourceTree = "<group>"; };
		2D31377D2AFE0A5300AF9277 /* Assets.xcassets */ = {isa = PBXFileReference; lastKnownFileType = folder.assetcatalog; path = Assets.xcassets; sourceTree = "<group>"; };
		2D3137802AFE0A5300AF9277 /* Base */ = {isa = PBXFileReference; lastKnownFileType = file.storyboard; name = Base; path = Base.lproj/LaunchScreen.storyboard; sourceTree = "<group>"; };
		2D3137822AFE0A5300AF9277 /* Info.plist */ = {isa = PBXFileReference; lastKnownFileType = text.plist.xml; path = Info.plist; sourceTree = "<group>"; };
		2D3137892AFE0B0800AF9277 /* AppDependencyContainer.swift */ = {isa = PBXFileReference; lastKnownFileType = sourcecode.swift; path = AppDependencyContainer.swift; sourceTree = "<group>"; };
		2D3137932AFE104500AF9277 /* MoviesRootView.swift */ = {isa = PBXFileReference; lastKnownFileType = sourcecode.swift; path = MoviesRootView.swift; sourceTree = "<group>"; };
		2D3137972AFE10D100AF9277 /* MoviesViewModel.swift */ = {isa = PBXFileReference; lastKnownFileType = sourcecode.swift; path = MoviesViewModel.swift; sourceTree = "<group>"; };
		2D31379A2AFE117600AF9277 /* MovieCell.swift */ = {isa = PBXFileReference; lastKnownFileType = sourcecode.swift; path = MovieCell.swift; sourceTree = "<group>"; };
		2D31379B2AFE117600AF9277 /* MovieCell.xib */ = {isa = PBXFileReference; lastKnownFileType = file.xib; path = MovieCell.xib; sourceTree = "<group>"; };
		2D31379F2AFE122C00AF9277 /* Movie.swift */ = {isa = PBXFileReference; lastKnownFileType = sourcecode.swift; path = Movie.swift; sourceTree = "<group>"; };
		2D3137A62AFE188800AF9277 /* MainNavigationController.swift */ = {isa = PBXFileReference; lastKnownFileType = sourcecode.swift; path = MainNavigationController.swift; sourceTree = "<group>"; };
		2D3137AA2AFE191C00AF9277 /* MovieSelectionResponder.swift */ = {isa = PBXFileReference; lastKnownFileType = sourcecode.swift; path = MovieSelectionResponder.swift; sourceTree = "<group>"; };
		2D3137AD2AFE1B4A00AF9277 /* MovieDetailsViewController.swift */ = {isa = PBXFileReference; lastKnownFileType = sourcecode.swift; path = MovieDetailsViewController.swift; sourceTree = "<group>"; };
		2D3137AE2AFE1B4A00AF9277 /* MovieDetailsViewController.xib */ = {isa = PBXFileReference; lastKnownFileType = file.xib; path = MovieDetailsViewController.xib; sourceTree = "<group>"; };
		2D3137B52AFE1CE700AF9277 /* MovieDetailsRootView.swift */ = {isa = PBXFileReference; lastKnownFileType = sourcecode.swift; path = MovieDetailsRootView.swift; sourceTree = "<group>"; };
		2D3137B72AFE1D0A00AF9277 /* MovieDetailsViewModel.swift */ = {isa = PBXFileReference; lastKnownFileType = sourcecode.swift; path = MovieDetailsViewModel.swift; sourceTree = "<group>"; };
		2D3137B92AFE1E5600AF9277 /* MovieDetails.swift */ = {isa = PBXFileReference; lastKnownFileType = sourcecode.swift; path = MovieDetails.swift; sourceTree = "<group>"; };
/* End PBXFileReference section */

/* Begin PBXFrameworksBuildPhase section */
		2D31376E2AFE0A5200AF9277 /* Frameworks */ = {
			isa = PBXFrameworksBuildPhase;
			buildActionMask = 2147483647;
			files = (
			);
			runOnlyForDeploymentPostprocessing = 0;
		};
/* End PBXFrameworksBuildPhase section */

/* Begin PBXGroup section */
		2D3137682AFE0A5200AF9277 = {
			isa = PBXGroup;
			children = (
				2D3137732AFE0A5200AF9277 /* Movies */,
				2D3137722AFE0A5200AF9277 /* Products */,
			);
			sourceTree = "<group>";
		};
		2D3137722AFE0A5200AF9277 /* Products */ = {
			isa = PBXGroup;
			children = (
				2D3137712AFE0A5200AF9277 /* Movies.app */,
			);
			name = Products;
			sourceTree = "<group>";
		};
		2D3137732AFE0A5200AF9277 /* Movies */ = {
			isa = PBXGroup;
			children = (
				2D3137742AFE0A5200AF9277 /* AppDelegate.swift */,
				2D3137762AFE0A5200AF9277 /* SceneDelegate.swift */,
				2D3137892AFE0B0800AF9277 /* AppDependencyContainer.swift */,
				2D31378B2AFE0B1B00AF9277 /* App */,
				2D3137882AFE0A7A00AF9277 /* Support */,
			);
			path = Movies;
			sourceTree = "<group>";
		};
		2D3137882AFE0A7A00AF9277 /* Support */ = {
			isa = PBXGroup;
			children = (
				2D3137822AFE0A5300AF9277 /* Info.plist */,
				2D31377D2AFE0A5300AF9277 /* Assets.xcassets */,
				2D31377F2AFE0A5300AF9277 /* LaunchScreen.storyboard */,
			);
			path = Support;
			sourceTree = "<group>";
		};
		2D31378B2AFE0B1B00AF9277 /* App */ = {
			isa = PBXGroup;
			children = (
				2D3137A52AFE186C00AF9277 /* Navigation */,
				2D31378C2AFE0BAA00AF9277 /* Movies */,
				2D3137AC2AFE1B2500AF9277 /* MovieDetails */,
			);
			path = App;
			sourceTree = "<group>";
		};
		2D31378C2AFE0BAA00AF9277 /* Movies */ = {
			isa = PBXGroup;
			children = (
				2D31379E2AFE121900AF9277 /* Model */,
				2D3137922AFE103100AF9277 /* View */,
				2D3137952AFE10B700AF9277 /* ViewModel */,
				2D3137962AFE10BD00AF9277 /* Controller */,
			);
			path = Movies;
			sourceTree = "<group>";
		};
		2D3137922AFE103100AF9277 /* View */ = {
			isa = PBXGroup;
			children = (
				2D3137932AFE104500AF9277 /* MoviesRootView.swift */,
			);
			path = View;
			sourceTree = "<group>";
		};
		2D3137952AFE10B700AF9277 /* ViewModel */ = {
			isa = PBXGroup;
			children = (
				2D3137972AFE10D100AF9277 /* MoviesViewModel.swift */,
			);
			path = ViewModel;
			sourceTree = "<group>";
		};
		2D3137962AFE10BD00AF9277 /* Controller */ = {
			isa = PBXGroup;
			children = (
				2D3137782AFE0A5200AF9277 /* MoviesViewController.swift */,
				2D3137992AFE115D00AF9277 /* MovieCell */,
			);
			path = Controller;
			sourceTree = "<group>";
		};
		2D3137992AFE115D00AF9277 /* MovieCell */ = {
			isa = PBXGroup;
			children = (
				2D31379B2AFE117600AF9277 /* MovieCell.xib */,
				2D31379A2AFE117600AF9277 /* MovieCell.swift */,
			);
			path = MovieCell;
			sourceTree = "<group>";
		};
		2D31379E2AFE121900AF9277 /* Model */ = {
			isa = PBXGroup;
			children = (
				2D31379F2AFE122C00AF9277 /* Movie.swift */,
			);
			path = Model;
			sourceTree = "<group>";
		};
		2D3137A52AFE186C00AF9277 /* Navigation */ = {
			isa = PBXGroup;
			children = (
				2D3137A62AFE188800AF9277 /* MainNavigationController.swift */,
				2D3137AA2AFE191C00AF9277 /* MovieSelectionResponder.swift */,
			);
			path = Navigation;
			sourceTree = "<group>";
		};
		2D3137AC2AFE1B2500AF9277 /* MovieDetails */ = {
			isa = PBXGroup;
			children = (
				2D3137B32AFE1CCA00AF9277 /* Model */,
				2D3137B42AFE1CCF00AF9277 /* View */,
				2D3137B22AFE1CBA00AF9277 /* ViewModel */,
				2D3137B12AFE1CB100AF9277 /* Controller */,
			);
			path = MovieDetails;
			sourceTree = "<group>";
		};
		2D3137B12AFE1CB100AF9277 /* Controller */ = {
			isa = PBXGroup;
			children = (
				2D3137AE2AFE1B4A00AF9277 /* MovieDetailsViewController.xib */,
				2D3137AD2AFE1B4A00AF9277 /* MovieDetailsViewController.swift */,
			);
			path = Controller;
			sourceTree = "<group>";
		};
		2D3137B22AFE1CBA00AF9277 /* ViewModel */ = {
			isa = PBXGroup;
			children = (
				2D3137B72AFE1D0A00AF9277 /* MovieDetailsViewModel.swift */,
			);
			path = ViewModel;
			sourceTree = "<group>";
		};
		2D3137B32AFE1CCA00AF9277 /* Model */ = {
			isa = PBXGroup;
			children = (
				2D3137B92AFE1E5600AF9277 /* MovieDetails.swift */,
			);
			path = Model;
			sourceTree = "<group>";
		};
		2D3137B42AFE1CCF00AF9277 /* View */ = {
			isa = PBXGroup;
			children = (
				2D3137B52AFE1CE700AF9277 /* MovieDetailsRootView.swift */,
			);
			path = View;
			sourceTree = "<group>";
		};
/* End PBXGroup section */

/* Begin PBXNativeTarget section */
		2D3137702AFE0A5200AF9277 /* Movies */ = {
			isa = PBXNativeTarget;
			buildConfigurationList = 2D3137852AFE0A5300AF9277 /* Build configuration list for PBXNativeTarget "Movies" */;
			buildPhases = (
				2D31376D2AFE0A5200AF9277 /* Sources */,
				2D31376E2AFE0A5200AF9277 /* Frameworks */,
				2D31376F2AFE0A5200AF9277 /* Resources */,
			);
			buildRules = (
			);
			dependencies = (
			);
			name = Movies;
			productName = Movies;
			productReference = 2D3137712AFE0A5200AF9277 /* Movies.app */;
			productType = "com.apple.product-type.application";
		};
/* End PBXNativeTarget section */

/* Begin PBXProject section */
		2D3137692AFE0A5200AF9277 /* Project object */ = {
			isa = PBXProject;
			attributes = {
				BuildIndependentTargetsInParallel = 1;
				LastSwiftUpdateCheck = 1500;
				LastUpgradeCheck = 1500;
				TargetAttributes = {
					2D3137702AFE0A5200AF9277 = {
						CreatedOnToolsVersion = 15.0.1;
					};
				};
			};
			buildConfigurationList = 2D31376C2AFE0A5200AF9277 /* Build configuration list for PBXProject "Movies" */;
			compatibilityVersion = "Xcode 14.0";
			developmentRegion = en;
			hasScannedForEncodings = 0;
			knownRegions = (
				en,
				Base,
			);
			mainGroup = 2D3137682AFE0A5200AF9277;
			productRefGroup = 2D3137722AFE0A5200AF9277 /* Products */;
			projectDirPath = "";
			projectRoot = "";
			targets = (
				2D3137702AFE0A5200AF9277 /* Movies */,
			);
		};
/* End PBXProject section */

/* Begin PBXResourcesBuildPhase section */
		2D31376F2AFE0A5200AF9277 /* Resources */ = {
			isa = PBXResourcesBuildPhase;
			buildActionMask = 2147483647;
			files = (
				2D3137B02AFE1B4A00AF9277 /* MovieDetailsViewController.xib in Resources */,
				2D3137812AFE0A5300AF9277 /* LaunchScreen.storyboard in Resources */,
				2D31379D2AFE117600AF9277 /* MovieCell.xib in Resources */,
				2D31377E2AFE0A5300AF9277 /* Assets.xcassets in Resources */,
			);
			runOnlyForDeploymentPostprocessing = 0;
		};
/* End PBXResourcesBuildPhase section */

/* Begin PBXSourcesBuildPhase section */
		2D31376D2AFE0A5200AF9277 /* Sources */ = {
			isa = PBXSourcesBuildPhase;
			buildActionMask = 2147483647;
			files = (
				2D3137A82AFE188800AF9277 /* MainNavigationController.swift in Sources */,
				2D3137BA2AFE1E5600AF9277 /* MovieDetails.swift in Sources */,
				2D3137792AFE0A5200AF9277 /* MoviesViewController.swift in Sources */,
				2D3137A02AFE122C00AF9277 /* Movie.swift in Sources */,
				2D3137B62AFE1CE700AF9277 /* MovieDetailsRootView.swift in Sources */,
				2D31379C2AFE117600AF9277 /* MovieCell.swift in Sources */,
				2D3137B82AFE1D0A00AF9277 /* MovieDetailsViewModel.swift in Sources */,
				2D3137752AFE0A5200AF9277 /* AppDelegate.swift in Sources */,
				2D31378A2AFE0B0800AF9277 /* AppDependencyContainer.swift in Sources */,
				2D3137AB2AFE191C00AF9277 /* MovieSelectionResponder.swift in Sources */,
				2D3137982AFE10D100AF9277 /* MoviesViewModel.swift in Sources */,
				2D3137AF2AFE1B4A00AF9277 /* MovieDetailsViewController.swift in Sources */,
				2D3137772AFE0A5200AF9277 /* SceneDelegate.swift in Sources */,
				2D3137942AFE104500AF9277 /* MoviesRootView.swift in Sources */,
			);
			runOnlyForDeploymentPostprocessing = 0;
		};
/* End PBXSourcesBuildPhase section */

/* Begin PBXVariantGroup section */
		2D31377F2AFE0A5300AF9277 /* LaunchScreen.storyboard */ = {
			isa = PBXVariantGroup;
			children = (
				2D3137802AFE0A5300AF9277 /* Base */,
			);
			name = LaunchScreen.storyboard;
			sourceTree = "<group>";
		};
/* End PBXVariantGroup section */

/* Begin XCBuildConfiguration section */
		2D3137832AFE0A5300AF9277 /* Debug */ = {
			isa = XCBuildConfiguration;
			buildSettings = {
				ALWAYS_SEARCH_USER_PATHS = NO;
				ASSETCATALOG_COMPILER_GENERATE_SWIFT_ASSET_SYMBOL_EXTENSIONS = YES;
				CLANG_ANALYZER_NONNULL = YES;
				CLANG_ANALYZER_NUMBER_OBJECT_CONVERSION = YES_AGGRESSIVE;
				CLANG_CXX_LANGUAGE_STANDARD = "gnu++20";
				CLANG_ENABLE_MODULES = YES;
				CLANG_ENABLE_OBJC_ARC = YES;
				CLANG_ENABLE_OBJC_WEAK = YES;
				CLANG_WARN_BLOCK_CAPTURE_AUTORELEASING = YES;
				CLANG_WARN_BOOL_CONVERSION = YES;
				CLANG_WARN_COMMA = YES;
				CLANG_WARN_CONSTANT_CONVERSION = YES;
				CLANG_WARN_DEPRECATED_OBJC_IMPLEMENTATIONS = YES;
				CLANG_WARN_DIRECT_OBJC_ISA_USAGE = YES_ERROR;
				CLANG_WARN_DOCUMENTATION_COMMENTS = YES;
				CLANG_WARN_EMPTY_BODY = YES;
				CLANG_WARN_ENUM_CONVERSION = YES;
				CLANG_WARN_INFINITE_RECURSION = YES;
				CLANG_WARN_INT_CONVERSION = YES;
				CLANG_WARN_NON_LITERAL_NULL_CONVERSION = YES;
				CLANG_WARN_OBJC_IMPLICIT_RETAIN_SELF = YES;
				CLANG_WARN_OBJC_LITERAL_CONVERSION = YES;
				CLANG_WARN_OBJC_ROOT_CLASS = YES_ERROR;
				CLANG_WARN_QUOTED_INCLUDE_IN_FRAMEWORK_HEADER = YES;
				CLANG_WARN_RANGE_LOOP_ANALYSIS = YES;
				CLANG_WARN_STRICT_PROTOTYPES = YES;
				CLANG_WARN_SUSPICIOUS_MOVE = YES;
				CLANG_WARN_UNGUARDED_AVAILABILITY = YES_AGGRESSIVE;
				CLANG_WARN_UNREACHABLE_CODE = YES;
				CLANG_WARN__DUPLICATE_METHOD_MATCH = YES;
				COPY_PHASE_STRIP = NO;
				DEBUG_INFORMATION_FORMAT = dwarf;
				ENABLE_STRICT_OBJC_MSGSEND = YES;
				ENABLE_TESTABILITY = YES;
				ENABLE_USER_SCRIPT_SANDBOXING = YES;
				GCC_C_LANGUAGE_STANDARD = gnu17;
				GCC_DYNAMIC_NO_PIC = NO;
				GCC_NO_COMMON_BLOCKS = YES;
				GCC_OPTIMIZATION_LEVEL = 0;
				GCC_PREPROCESSOR_DEFINITIONS = (
					"DEBUG=1",
					"$(inherited)",
				);
				GCC_WARN_64_TO_32_BIT_CONVERSION = YES;
				GCC_WARN_ABOUT_RETURN_TYPE = YES_ERROR;
				GCC_WARN_UNDECLARED_SELECTOR = YES;
				GCC_WARN_UNINITIALIZED_AUTOS = YES_AGGRESSIVE;
				GCC_WARN_UNUSED_FUNCTION = YES;
				GCC_WARN_UNUSED_VARIABLE = YES;
				IPHONEOS_DEPLOYMENT_TARGET = 17.0;
				LOCALIZATION_PREFERS_STRING_CATALOGS = YES;
				MTL_ENABLE_DEBUG_INFO = INCLUDE_SOURCE;
				MTL_FAST_MATH = YES;
				ONLY_ACTIVE_ARCH = YES;
				SDKROOT = iphoneos;
				SWIFT_ACTIVE_COMPILATION_CONDITIONS = "DEBUG $(inherited)";
				SWIFT_OPTIMIZATION_LEVEL = "-Onone";
			};
			name = Debug;
		};
		2D3137842AFE0A5300AF9277 /* Release */ = {
			isa = XCBuildConfiguration;
			buildSettings = {
				ALWAYS_SEARCH_USER_PATHS = NO;
				ASSETCATALOG_COMPILER_GENERATE_SWIFT_ASSET_SYMBOL_EXTENSIONS = YES;
				CLANG_ANALYZER_NONNULL = YES;
				CLANG_ANALYZER_NUMBER_OBJECT_CONVERSION = YES_AGGRESSIVE;
				CLANG_CXX_LANGUAGE_STANDARD = "gnu++20";
				CLANG_ENABLE_MODULES = YES;
				CLANG_ENABLE_OBJC_ARC = YES;
				CLANG_ENABLE_OBJC_WEAK = YES;
				CLANG_WARN_BLOCK_CAPTURE_AUTORELEASING = YES;
				CLANG_WARN_BOOL_CONVERSION = YES;
				CLANG_WARN_COMMA = YES;
				CLANG_WARN_CONSTANT_CONVERSION = YES;
				CLANG_WARN_DEPRECATED_OBJC_IMPLEMENTATIONS = YES;
				CLANG_WARN_DIRECT_OBJC_ISA_USAGE = YES_ERROR;
				CLANG_WARN_DOCUMENTATION_COMMENTS = YES;
				CLANG_WARN_EMPTY_BODY = YES;
				CLANG_WARN_ENUM_CONVERSION = YES;
				CLANG_WARN_INFINITE_RECURSION = YES;
				CLANG_WARN_INT_CONVERSION = YES;
				CLANG_WARN_NON_LITERAL_NULL_CONVERSION = YES;
				CLANG_WARN_OBJC_IMPLICIT_RETAIN_SELF = YES;
				CLANG_WARN_OBJC_LITERAL_CONVERSION = YES;
				CLANG_WARN_OBJC_ROOT_CLASS = YES_ERROR;
				CLANG_WARN_QUOTED_INCLUDE_IN_FRAMEWORK_HEADER = YES;
				CLANG_WARN_RANGE_LOOP_ANALYSIS = YES;
				CLANG_WARN_STRICT_PROTOTYPES = YES;
				CLANG_WARN_SUSPICIOUS_MOVE = YES;
				CLANG_WARN_UNGUARDED_AVAILABILITY = YES_AGGRESSIVE;
				CLANG_WARN_UNREACHABLE_CODE = YES;
				CLANG_WARN__DUPLICATE_METHOD_MATCH = YES;
				COPY_PHASE_STRIP = NO;
				DEBUG_INFORMATION_FORMAT = "dwarf-with-dsym";
				ENABLE_NS_ASSERTIONS = NO;
				ENABLE_STRICT_OBJC_MSGSEND = YES;
				ENABLE_USER_SCRIPT_SANDBOXING = YES;
				GCC_C_LANGUAGE_STANDARD = gnu17;
				GCC_NO_COMMON_BLOCKS = YES;
				GCC_WARN_64_TO_32_BIT_CONVERSION = YES;
				GCC_WARN_ABOUT_RETURN_TYPE = YES_ERROR;
				GCC_WARN_UNDECLARED_SELECTOR = YES;
				GCC_WARN_UNINITIALIZED_AUTOS = YES_AGGRESSIVE;
				GCC_WARN_UNUSED_FUNCTION = YES;
				GCC_WARN_UNUSED_VARIABLE = YES;
				IPHONEOS_DEPLOYMENT_TARGET = 17.0;
				LOCALIZATION_PREFERS_STRING_CATALOGS = YES;
				MTL_ENABLE_DEBUG_INFO = NO;
				MTL_FAST_MATH = YES;
				SDKROOT = iphoneos;
				SWIFT_COMPILATION_MODE = wholemodule;
				VALIDATE_PRODUCT = YES;
			};
			name = Release;
		};
		2D3137862AFE0A5300AF9277 /* Debug */ = {
			isa = XCBuildConfiguration;
			buildSettings = {
				ASSETCATALOG_COMPILER_APPICON_NAME = AppIcon;
				ASSETCATALOG_COMPILER_GLOBAL_ACCENT_COLOR_NAME = AccentColor;
				CODE_SIGN_STYLE = Automatic;
				CURRENT_PROJECT_VERSION = 1;
				DEVELOPMENT_TEAM = 8QSB7Y378E;
				GENERATE_INFOPLIST_FILE = YES;
				INFOPLIST_FILE = Movies/Support/Info.plist;
				INFOPLIST_KEY_UIApplicationSupportsIndirectInputEvents = YES;
				INFOPLIST_KEY_UILaunchStoryboardName = LaunchScreen;
				INFOPLIST_KEY_UISupportedInterfaceOrientations_iPad = "UIInterfaceOrientationPortrait UIInterfaceOrientationPortraitUpsideDown UIInterfaceOrientationLandscapeLeft UIInterfaceOrientationLandscapeRight";
				INFOPLIST_KEY_UISupportedInterfaceOrientations_iPhone = "UIInterfaceOrientationPortrait UIInterfaceOrientationLandscapeLeft UIInterfaceOrientationLandscapeRight";
				LD_RUNPATH_SEARCH_PATHS = (
					"$(inherited)",
					"@executable_path/Frameworks",
				);
				MARKETING_VERSION = 1.0;
				PRODUCT_BUNDLE_IDENTIFIER = com.iAmrMohamed.Movies;
				PRODUCT_NAME = "$(TARGET_NAME)";
				SWIFT_EMIT_LOC_STRINGS = YES;
				SWIFT_VERSION = 5.0;
				TARGETED_DEVICE_FAMILY = "1,2";
			};
			name = Debug;
		};
		2D3137872AFE0A5300AF9277 /* Release */ = {
			isa = XCBuildConfiguration;
			buildSettings = {
				ASSETCATALOG_COMPILER_APPICON_NAME = AppIcon;
				ASSETCATALOG_COMPILER_GLOBAL_ACCENT_COLOR_NAME = AccentColor;
				CODE_SIGN_STYLE = Automatic;
				CURRENT_PROJECT_VERSION = 1;
				DEVELOPMENT_TEAM = 8QSB7Y378E;
				GENERATE_INFOPLIST_FILE = YES;
				INFOPLIST_FILE = Movies/Support/Info.plist;
				INFOPLIST_KEY_UIApplicationSupportsIndirectInputEvents = YES;
				INFOPLIST_KEY_UILaunchStoryboardName = LaunchScreen;
				INFOPLIST_KEY_UISupportedInterfaceOrientations_iPad = "UIInterfaceOrientationPortrait UIInterfaceOrientationPortraitUpsideDown UIInterfaceOrientationLandscapeLeft UIInterfaceOrientationLandscapeRight";
				INFOPLIST_KEY_UISupportedInterfaceOrientations_iPhone = "UIInterfaceOrientationPortrait UIInterfaceOrientationLandscapeLeft UIInterfaceOrientationLandscapeRight";
				LD_RUNPATH_SEARCH_PATHS = (
					"$(inherited)",
					"@executable_path/Frameworks",
				);
				MARKETING_VERSION = 1.0;
				PRODUCT_BUNDLE_IDENTIFIER = com.iAmrMohamed.Movies;
				PRODUCT_NAME = "$(TARGET_NAME)";
				SWIFT_EMIT_LOC_STRINGS = YES;
				SWIFT_VERSION = 5.0;
				TARGETED_DEVICE_FAMILY = "1,2";
			};
			name = Release;
		};
/* End XCBuildConfiguration section */

/* Begin XCConfigurationList section */
		2D31376C2AFE0A5200AF9277 /* Build configuration list for PBXProject "Movies" */ = {
			isa = XCConfigurationList;
			buildConfigurations = (
				2D3137832AFE0A5300AF9277 /* Debug */,
				2D3137842AFE0A5300AF9277 /* Release */,
			);
			defaultConfigurationIsVisible = 0;
			defaultConfigurationName = Release;
		};
		2D3137852AFE0A5300AF9277 /* Build configuration list for PBXNativeTarget "Movies" */ = {
			isa = XCConfigurationList;
			buildConfigurations = (
				2D3137862AFE0A5300AF9277 /* Debug */,
				2D3137872AFE0A5300AF9277 /* Release */,
			);
			defaultConfigurationIsVisible = 0;
			defaultConfigurationName = Release;
		};
/* End XCConfigurationList section */
	};
	rootObject = 2D3137692AFE0A5200AF9277 /* Project object */;
}
