// !$*UTF8*$!
{
	archiveVersion = 1;
	classes = {
	};
	objectVersion = 56;
	objects = {

/* Begin PBXBuildFile section */
		2D3137752AFE0A5200AF9277 /* AppDelegate.swift in Sources */ = {isa = PBXBuildFile; fileRef = 2D3137742AFE0A5200AF9277 /* AppDelegate.swift */; };
		2D3137772AFE0A5200AF9277 /* SceneDelegate.swift in Sources */ = {isa = PBXBuildFile; fileRef = 2D3137762AFE0A5200AF9277 /* SceneDelegate.swift */; };
		2D3137792AFE0A5200AF9277 /* MoviesViewController.swift in Sources */ = {isa = PBXBuildFile; fileRef = 2D3137782AFE0A5200AF9277 /* MoviesViewController.swift */; };
		2D31377E2AFE0A5300AF9277 /* Assets.xcassets in Resources */ = {isa = PBXBuildFile; fileRef = 2D31377D2AFE0A5300AF9277 /* Assets.xcassets */; };
		2D3137812AFE0A5300AF9277 /* LaunchScreen.storyboard in Resources */ = {isa = PBXBuildFile; fileRef = 2D31377F2AFE0A5300AF9277 /* LaunchScreen.storyboard */; };
		2D31378A2AFE0B0800AF9277 /* AppDependencyContainer.swift in Sources */ = {isa = PBXBuildFile; fileRef = 2D3137892AFE0B0800AF9277 /* AppDependencyContainer.swift */; };
		2D3137942AFE104500AF9277 /* MoviesRootView.swift in Sources */ = {isa = PBXBuildFile; fileRef = 2D3137932AFE104500AF9277 /* MoviesRootView.swift */; };
		2D3137982AFE10D100AF9277 /* MoviesViewModel.swift in Sources */ = {isa = PBXBuildFile; fileRef = 2D3137972AFE10D100AF9277 /* MoviesViewModel.swift */; };
		2D31379C2AFE117600AF9277 /* MovieCell.swift in Sources */ = {isa = PBXBuildFile; fileRef = 2D31379A2AFE117600AF9277 /* MovieCell.swift */; };
		2D31379D2AFE117600AF9277 /* MovieCell.xib in Resources */ = {isa = PBXBuildFile; fileRef = 2D31379B2AFE117600AF9277 /* MovieCell.xib */; };
		2D3137A02AFE122C00AF9277 /* MovieCellViewModel.swift in Sources */ = {isa = PBXBuildFile; fileRef = 2D31379F2AFE122C00AF9277 /* MovieCellViewModel.swift */; };
		2D3137A82AFE188800AF9277 /* MainNavigationController.swift in Sources */ = {isa = PBXBuildFile; fileRef = 2D3137A62AFE188800AF9277 /* MainNavigationController.swift */; };
		2D3137AB2AFE191C00AF9277 /* MovieSelectionResponder.swift in Sources */ = {isa = PBXBuildFile; fileRef = 2D3137AA2AFE191C00AF9277 /* MovieSelectionResponder.swift */; };
		2D3137AF2AFE1B4A00AF9277 /* MovieDetailsViewController.swift in Sources */ = {isa = PBXBuildFile; fileRef = 2D3137AD2AFE1B4A00AF9277 /* MovieDetailsViewController.swift */; };
		2D3137B02AFE1B4A00AF9277 /* MovieDetailsViewController.xib in Resources */ = {isa = PBXBuildFile; fileRef = 2D3137AE2AFE1B4A00AF9277 /* MovieDetailsViewController.xib */; };
		2D3137B62AFE1CE700AF9277 /* MovieDetailsRootView.swift in Sources */ = {isa = PBXBuildFile; fileRef = 2D3137B52AFE1CE700AF9277 /* MovieDetailsRootView.swift */; };
		2D3137B82AFE1D0A00AF9277 /* MovieDetailsViewModel.swift in Sources */ = {isa = PBXBuildFile; fileRef = 2D3137B72AFE1D0A00AF9277 /* MovieDetailsViewModel.swift */; };
		2D3137BD2AFE2E5400AF9277 /* TMDBServiceRepository.swift in Sources */ = {isa = PBXBuildFile; fileRef = 2D3137BC2AFE2E5400AF9277 /* TMDBServiceRepository.swift */; };
		2D3137C02AFE2EF300AF9277 /* NetworkingSession.swift in Sources */ = {isa = PBXBuildFile; fileRef = 2D3137BF2AFE2EF300AF9277 /* NetworkingSession.swift */; };
		2D3137C22AFE2F6200AF9277 /* TMDBAPI.swift in Sources */ = {isa = PBXBuildFile; fileRef = 2D3137C12AFE2F6200AF9277 /* TMDBAPI.swift */; };
		2D3137C42AFE2F9000AF9277 /* TMDBService.swift in Sources */ = {isa = PBXBuildFile; fileRef = 2D3137C32AFE2F9000AF9277 /* TMDBService.swift */; };
		2D3137C72AFE307600AF9277 /* NetworkError.swift in Sources */ = {isa = PBXBuildFile; fileRef = 2D3137C62AFE307600AF9277 /* NetworkError.swift */; };
		2D3137C92AFE520A00AF9277 /* APIMovie.swift in Sources */ = {isa = PBXBuildFile; fileRef = 2D3137C82AFE520A00AF9277 /* APIMovie.swift */; };
		2D3137CC2AFE555C00AF9277 /* APIMovieDetails.swift in Sources */ = {isa = PBXBuildFile; fileRef = 2D3137CB2AFE555C00AF9277 /* APIMovieDetails.swift */; };
		2D3137CE2AFE5E3800AF9277 /* APIRequestConvertible.swift in Sources */ = {isa = PBXBuildFile; fileRef = 2D3137CD2AFE5E3800AF9277 /* APIRequestConvertible.swift */; };
		2D3137D02AFE5E8000AF9277 /* APIRequest.swift in Sources */ = {isa = PBXBuildFile; fileRef = 2D3137CF2AFE5E8000AF9277 /* APIRequest.swift */; };
		2D3137D32AFE684000AF9277 /* APIRequestLoading.swift in Sources */ = {isa = PBXBuildFile; fileRef = 2D3137D22AFE684000AF9277 /* APIRequestLoading.swift */; };
		2D3137D52AFE684600AF9277 /* APIRequestLoader.swift in Sources */ = {isa = PBXBuildFile; fileRef = 2D3137D42AFE684600AF9277 /* APIRequestLoader.swift */; };
		2D3137D92AFEC64F00AF9277 /* MovieDetails.swift in Sources */ = {isa = PBXBuildFile; fileRef = 2D3137D82AFEC64F00AF9277 /* MovieDetails.swift */; };
		2D775F7B2AFF794800AC0175 /* NetworkingService.h in Headers */ = {isa = PBXBuildFile; fileRef = 2D775F7A2AFF794800AC0175 /* NetworkingService.h */; settings = {ATTRIBUTES = (Public, ); }; };
		2D775F7E2AFF794800AC0175 /* NetworkingService.framework in Frameworks */ = {isa = PBXBuildFile; fileRef = 2D775F782AFF794800AC0175 /* NetworkingService.framework */; };
		2D775F7F2AFF794800AC0175 /* NetworkingService.framework in Embed Frameworks */ = {isa = PBXBuildFile; fileRef = 2D775F782AFF794800AC0175 /* NetworkingService.framework */; settings = {ATTRIBUTES = (CodeSignOnCopy, RemoveHeadersOnCopy, ); }; };
		2D775F8C2AFF7AEB00AC0175 /* TMDBService.h in Headers */ = {isa = PBXBuildFile; fileRef = 2D775F8B2AFF7AEB00AC0175 /* TMDBService.h */; settings = {ATTRIBUTES = (Public, ); }; };
		2D775F8F2AFF7AEB00AC0175 /* TMDBService.framework in Frameworks */ = {isa = PBXBuildFile; fileRef = 2D775F892AFF7AEB00AC0175 /* TMDBService.framework */; };
		2D775F902AFF7AEB00AC0175 /* TMDBService.framework in Embed Frameworks */ = {isa = PBXBuildFile; fileRef = 2D775F892AFF7AEB00AC0175 /* TMDBService.framework */; settings = {ATTRIBUTES = (CodeSignOnCopy, RemoveHeadersOnCopy, ); }; };
/* End PBXBuildFile section */

/* Begin PBXContainerItemProxy section */
		2D775F7C2AFF794800AC0175 /* PBXContainerItemProxy */ = {
			isa = PBXContainerItemProxy;
			containerPortal = 2D3137692AFE0A5200AF9277 /* Project object */;
			proxyType = 1;
			remoteGlobalIDString = 2D775F772AFF794800AC0175;
			remoteInfo = NetworkingService;
		};
		2D775F8D2AFF7AEB00AC0175 /* PBXContainerItemProxy */ = {
			isa = PBXContainerItemProxy;
			containerPortal = 2D3137692AFE0A5200AF9277 /* Project object */;
			proxyType = 1;
			remoteGlobalIDString = 2D775F882AFF7AEB00AC0175;
			remoteInfo = TMDBService;
		};
/* End PBXContainerItemProxy section */

/* Begin PBXCopyFilesBuildPhase section */
		2D775F802AFF794800AC0175 /* Embed Frameworks */ = {
			isa = PBXCopyFilesBuildPhase;
			buildActionMask = 2147483647;
			dstPath = "";
			dstSubfolderSpec = 10;
			files = (
				2D775F7F2AFF794800AC0175 /* NetworkingService.framework in Embed Frameworks */,
				2D775F902AFF7AEB00AC0175 /* TMDBService.framework in Embed Frameworks */,
			);
			name = "Embed Frameworks";
			runOnlyForDeploymentPostprocessing = 0;
		};
/* End PBXCopyFilesBuildPhase section */

/* Begin PBXFileReference section */
		2D3137712AFE0A5200AF9277 /* Movies.app */ = {isa = PBXFileReference; explicitFileType = wrapper.application; includeInIndex = 0; path = Movies.app; sourceTree = BUILT_PRODUCTS_DIR; };
		2D3137742AFE0A5200AF9277 /* AppDelegate.swift */ = {isa = PBXFileReference; lastKnownFileType = sourcecode.swift; path = AppDelegate.swift; sourceTree = "<group>"; };
		2D3137762AFE0A5200AF9277 /* SceneDelegate.swift */ = {isa = PBXFileReference; lastKnownFileType = sourcecode.swift; path = SceneDelegate.swift; sourceTree = "<group>"; };
		2D3137782AFE0A5200AF9277 /* MoviesViewController.swift */ = {isa = PBXFileReference; lastKnownFileType = sourcecode.swift; path = MoviesViewController.swift; sourceTree = "<group>"; };
		2D31377D2AFE0A5300AF9277 /* Assets.xcassets */ = {isa = PBXFileReference; lastKnownFileType = folder.assetcatalog; path = Assets.xcassets; sourceTree = "<group>"; };
		2D3137802AFE0A5300AF9277 /* Base */ = {isa = PBXFileReference; lastKnownFileType = file.storyboard; name = Base; path = Base.lproj/LaunchScreen.storyboard; sourceTree = "<group>"; };
		2D3137822AFE0A5300AF9277 /* Info.plist */ = {isa = PBXFileReference; lastKnownFileType = text.plist.xml; path = Info.plist; sourceTree = "<group>"; };
		2D3137892AFE0B0800AF9277 /* AppDependencyContainer.swift */ = {isa = PBXFileReference; lastKnownFileType = sourcecode.swift; path = AppDependencyContainer.swift; sourceTree = "<group>"; };
		2D3137932AFE104500AF9277 /* MoviesRootView.swift */ = {isa = PBXFileReference; lastKnownFileType = sourcecode.swift; path = MoviesRootView.swift; sourceTree = "<group>"; };
		2D3137972AFE10D100AF9277 /* MoviesViewModel.swift */ = {isa = PBXFileReference; lastKnownFileType = sourcecode.swift; path = MoviesViewModel.swift; sourceTree = "<group>"; };
		2D31379A2AFE117600AF9277 /* MovieCell.swift */ = {isa = PBXFileReference; lastKnownFileType = sourcecode.swift; path = MovieCell.swift; sourceTree = "<group>"; };
		2D31379B2AFE117600AF9277 /* MovieCell.xib */ = {isa = PBXFileReference; lastKnownFileType = file.xib; path = MovieCell.xib; sourceTree = "<group>"; };
		2D31379F2AFE122C00AF9277 /* MovieCellViewModel.swift */ = {isa = PBXFileReference; lastKnownFileType = sourcecode.swift; path = MovieCellViewModel.swift; sourceTree = "<group>"; };
		2D3137A62AFE188800AF9277 /* MainNavigationController.swift */ = {isa = PBXFileReference; lastKnownFileType = sourcecode.swift; path = MainNavigationController.swift; sourceTree = "<group>"; };
		2D3137AA2AFE191C00AF9277 /* MovieSelectionResponder.swift */ = {isa = PBXFileReference; lastKnownFileType = sourcecode.swift; path = MovieSelectionResponder.swift; sourceTree = "<group>"; };
		2D3137AD2AFE1B4A00AF9277 /* MovieDetailsViewController.swift */ = {isa = PBXFileReference; lastKnownFileType = sourcecode.swift; path = MovieDetailsViewController.swift; sourceTree = "<group>"; };
		2D3137AE2AFE1B4A00AF9277 /* MovieDetailsViewController.xib */ = {isa = PBXFileReference; lastKnownFileType = file.xib; path = MovieDetailsViewController.xib; sourceTree = "<group>"; };
		2D3137B52AFE1CE700AF9277 /* MovieDetailsRootView.swift */ = {isa = PBXFileReference; lastKnownFileType = sourcecode.swift; path = MovieDetailsRootView.swift; sourceTree = "<group>"; };
		2D3137B72AFE1D0A00AF9277 /* MovieDetailsViewModel.swift */ = {isa = PBXFileReference; lastKnownFileType = sourcecode.swift; path = MovieDetailsViewModel.swift; sourceTree = "<group>"; };
		2D3137BC2AFE2E5400AF9277 /* TMDBServiceRepository.swift */ = {isa = PBXFileReference; lastKnownFileType = sourcecode.swift; path = TMDBServiceRepository.swift; sourceTree = "<group>"; };
		2D3137BF2AFE2EF300AF9277 /* NetworkingSession.swift */ = {isa = PBXFileReference; lastKnownFileType = sourcecode.swift; path = NetworkingSession.swift; sourceTree = "<group>"; };
		2D3137C12AFE2F6200AF9277 /* TMDBAPI.swift */ = {isa = PBXFileReference; lastKnownFileType = sourcecode.swift; path = TMDBAPI.swift; sourceTree = "<group>"; };
		2D3137C32AFE2F9000AF9277 /* TMDBService.swift */ = {isa = PBXFileReference; lastKnownFileType = sourcecode.swift; path = TMDBService.swift; sourceTree = "<group>"; };
		2D3137C62AFE307600AF9277 /* NetworkError.swift */ = {isa = PBXFileReference; lastKnownFileType = sourcecode.swift; path = NetworkError.swift; sourceTree = "<group>"; };
		2D3137C82AFE520A00AF9277 /* APIMovie.swift */ = {isa = PBXFileReference; lastKnownFileType = sourcecode.swift; path = APIMovie.swift; sourceTree = "<group>"; };
		2D3137CB2AFE555C00AF9277 /* APIMovieDetails.swift */ = {isa = PBXFileReference; fileEncoding = 4; lastKnownFileType = sourcecode.swift; path = APIMovieDetails.swift; sourceTree = "<group>"; };
		2D3137CD2AFE5E3800AF9277 /* APIRequestConvertible.swift */ = {isa = PBXFileReference; lastKnownFileType = sourcecode.swift; path = APIRequestConvertible.swift; sourceTree = "<group>"; };
		2D3137CF2AFE5E8000AF9277 /* APIRequest.swift */ = {isa = PBXFileReference; lastKnownFileType = sourcecode.swift; path = APIRequest.swift; sourceTree = "<group>"; };
		2D3137D22AFE684000AF9277 /* APIRequestLoading.swift */ = {isa = PBXFileReference; lastKnownFileType = sourcecode.swift; path = APIRequestLoading.swift; sourceTree = "<group>"; };
		2D3137D42AFE684600AF9277 /* APIRequestLoader.swift */ = {isa = PBXFileReference; lastKnownFileType = sourcecode.swift; path = APIRequestLoader.swift; sourceTree = "<group>"; };
		2D3137D82AFEC64F00AF9277 /* MovieDetails.swift */ = {isa = PBXFileReference; lastKnownFileType = sourcecode.swift; path = MovieDetails.swift; sourceTree = "<group>"; };
		2D775F782AFF794800AC0175 /* NetworkingService.framework */ = {isa = PBXFileReference; explicitFileType = wrapper.framework; includeInIndex = 0; path = NetworkingService.framework; sourceTree = BUILT_PRODUCTS_DIR; };
		2D775F7A2AFF794800AC0175 /* NetworkingService.h */ = {isa = PBXFileReference; lastKnownFileType = sourcecode.c.h; path = NetworkingService.h; sourceTree = "<group>"; };
		2D775F892AFF7AEB00AC0175 /* TMDBService.framework */ = {isa = PBXFileReference; explicitFileType = wrapper.framework; includeInIndex = 0; path = TMDBService.framework; sourceTree = BUILT_PRODUCTS_DIR; };
		2D775F8B2AFF7AEB00AC0175 /* TMDBService.h */ = {isa = PBXFileReference; lastKnownFileType = sourcecode.c.h; path = TMDBService.h; sourceTree = "<group>"; };
/* End PBXFileReference section */

/* Begin PBXFrameworksBuildPhase section */
		2D31376E2AFE0A5200AF9277 /* Frameworks */ = {
			isa = PBXFrameworksBuildPhase;
			buildActionMask = 2147483647;
			files = (
				2D775F7E2AFF794800AC0175 /* NetworkingService.framework in Frameworks */,
				2D775F8F2AFF7AEB00AC0175 /* TMDBService.framework in Frameworks */,
			);
			runOnlyForDeploymentPostprocessing = 0;
		};
		2D775F752AFF794800AC0175 /* Frameworks */ = {
			isa = PBXFrameworksBuildPhase;
			buildActionMask = 2147483647;
			files = (
			);
			runOnlyForDeploymentPostprocessing = 0;
		};
		2D775F862AFF7AEB00AC0175 /* Frameworks */ = {
			isa = PBXFrameworksBuildPhase;
			buildActionMask = 2147483647;
			files = (
			);
			runOnlyForDeploymentPostprocessing = 0;
		};
/* End PBXFrameworksBuildPhase section */

/* Begin PBXGroup section */
		2D3137682AFE0A5200AF9277 = {
			isa = PBXGroup;
			children = (
				2D3137732AFE0A5200AF9277 /* Movies */,
				2D775F8A2AFF7AEB00AC0175 /* TMDBService */,
				2D775F792AFF794800AC0175 /* NetworkingService */,
				2D3137722AFE0A5200AF9277 /* Products */,
			);
			sourceTree = "<group>";
		};
		2D3137722AFE0A5200AF9277 /* Products */ = {
			isa = PBXGroup;
			children = (
				2D3137712AFE0A5200AF9277 /* Movies.app */,
				2D775F782AFF794800AC0175 /* NetworkingService.framework */,
				2D775F892AFF7AEB00AC0175 /* TMDBService.framework */,
			);
			name = Products;
			sourceTree = "<group>";
		};
		2D3137732AFE0A5200AF9277 /* Movies */ = {
			isa = PBXGroup;
			children = (
				2D3137742AFE0A5200AF9277 /* AppDelegate.swift */,
				2D3137762AFE0A5200AF9277 /* SceneDelegate.swift */,
				2D3137892AFE0B0800AF9277 /* AppDependencyContainer.swift */,
				2D31378B2AFE0B1B00AF9277 /* App */,
				2D3137882AFE0A7A00AF9277 /* Support */,
			);
			path = Movies;
			sourceTree = "<group>";
		};
		2D3137882AFE0A7A00AF9277 /* Support */ = {
			isa = PBXGroup;
			children = (
				2D3137822AFE0A5300AF9277 /* Info.plist */,
				2D31377D2AFE0A5300AF9277 /* Assets.xcassets */,
				2D31377F2AFE0A5300AF9277 /* LaunchScreen.storyboard */,
			);
			path = Support;
			sourceTree = "<group>";
		};
		2D31378B2AFE0B1B00AF9277 /* App */ = {
			isa = PBXGroup;
			children = (
				2D3137A52AFE186C00AF9277 /* Navigation */,
				2D31378C2AFE0BAA00AF9277 /* Movies */,
				2D3137AC2AFE1B2500AF9277 /* MovieDetails */,
			);
			path = App;
			sourceTree = "<group>";
		};
		2D31378C2AFE0BAA00AF9277 /* Movies */ = {
			isa = PBXGroup;
			children = (
				2D3137922AFE103100AF9277 /* View */,
				2D3137952AFE10B700AF9277 /* ViewModel */,
				2D3137962AFE10BD00AF9277 /* Controller */,
			);
			path = Movies;
			sourceTree = "<group>";
		};
		2D3137922AFE103100AF9277 /* View */ = {
			isa = PBXGroup;
			children = (
				2D3137932AFE104500AF9277 /* MoviesRootView.swift */,
			);
			path = View;
			sourceTree = "<group>";
		};
		2D3137952AFE10B700AF9277 /* ViewModel */ = {
			isa = PBXGroup;
			children = (
				2D3137972AFE10D100AF9277 /* MoviesViewModel.swift */,
				2D31379F2AFE122C00AF9277 /* MovieCellViewModel.swift */,
			);
			path = ViewModel;
			sourceTree = "<group>";
		};
		2D3137962AFE10BD00AF9277 /* Controller */ = {
			isa = PBXGroup;
			children = (
				2D3137782AFE0A5200AF9277 /* MoviesViewController.swift */,
				2D3137992AFE115D00AF9277 /* MovieCell */,
			);
			path = Controller;
			sourceTree = "<group>";
		};
		2D3137992AFE115D00AF9277 /* MovieCell */ = {
			isa = PBXGroup;
			children = (
				2D31379B2AFE117600AF9277 /* MovieCell.xib */,
				2D31379A2AFE117600AF9277 /* MovieCell.swift */,
			);
			path = MovieCell;
			sourceTree = "<group>";
		};
		2D3137A52AFE186C00AF9277 /* Navigation */ = {
			isa = PBXGroup;
			children = (
				2D3137A62AFE188800AF9277 /* MainNavigationController.swift */,
				2D3137AA2AFE191C00AF9277 /* MovieSelectionResponder.swift */,
			);
			path = Navigation;
			sourceTree = "<group>";
		};
		2D3137AC2AFE1B2500AF9277 /* MovieDetails */ = {
			isa = PBXGroup;
			children = (
				2D3137B42AFE1CCF00AF9277 /* View */,
				2D3137B22AFE1CBA00AF9277 /* ViewModel */,
				2D3137B12AFE1CB100AF9277 /* Controller */,
			);
			path = MovieDetails;
			sourceTree = "<group>";
		};
		2D3137B12AFE1CB100AF9277 /* Controller */ = {
			isa = PBXGroup;
			children = (
				2D3137AE2AFE1B4A00AF9277 /* MovieDetailsViewController.xib */,
				2D3137AD2AFE1B4A00AF9277 /* MovieDetailsViewController.swift */,
			);
			path = Controller;
			sourceTree = "<group>";
		};
		2D3137B22AFE1CBA00AF9277 /* ViewModel */ = {
			isa = PBXGroup;
			children = (
				2D3137D82AFEC64F00AF9277 /* MovieDetails.swift */,
				2D3137B72AFE1D0A00AF9277 /* MovieDetailsViewModel.swift */,
			);
			path = ViewModel;
			sourceTree = "<group>";
		};
		2D3137B42AFE1CCF00AF9277 /* View */ = {
			isa = PBXGroup;
			children = (
				2D3137B52AFE1CE700AF9277 /* MovieDetailsRootView.swift */,
			);
			path = View;
			sourceTree = "<group>";
		};
		2D3137BE2AFE2EA400AF9277 /* Session */ = {
			isa = PBXGroup;
			children = (
				2D3137C62AFE307600AF9277 /* NetworkError.swift */,
				2D3137BF2AFE2EF300AF9277 /* NetworkingSession.swift */,
			);
			path = Session;
			sourceTree = "<group>";
		};
		2D3137C52AFE2F9800AF9277 /* TMDBService */ = {
			isa = PBXGroup;
			children = (
				2D3137C12AFE2F6200AF9277 /* TMDBAPI.swift */,
				2D3137C32AFE2F9000AF9277 /* TMDBService.swift */,
				2D3137BC2AFE2E5400AF9277 /* TMDBServiceRepository.swift */,
			);
			path = TMDBService;
			sourceTree = "<group>";
		};
		2D3137CA2AFE554600AF9277 /* Models */ = {
			isa = PBXGroup;
			children = (
				2D3137C82AFE520A00AF9277 /* APIMovie.swift */,
				2D3137CB2AFE555C00AF9277 /* APIMovieDetails.swift */,
			);
			path = Models;
			sourceTree = "<group>";
		};
		2D3137D12AFE660700AF9277 /* Requests */ = {
			isa = PBXGroup;
			children = (
				2D3137D72AFE6B2A00AF9277 /* Request */,
				2D3137D62AFE6B1D00AF9277 /* RequestLoading */,
			);
			path = Requests;
			sourceTree = "<group>";
		};
		2D3137D62AFE6B1D00AF9277 /* RequestLoading */ = {
			isa = PBXGroup;
			children = (
				2D3137D42AFE684600AF9277 /* APIRequestLoader.swift */,
				2D3137D22AFE684000AF9277 /* APIRequestLoading.swift */,
			);
			path = RequestLoading;
			sourceTree = "<group>";
		};
		2D3137D72AFE6B2A00AF9277 /* Request */ = {
			isa = PBXGroup;
			children = (
				2D3137CF2AFE5E8000AF9277 /* APIRequest.swift */,
				2D3137CD2AFE5E3800AF9277 /* APIRequestConvertible.swift */,
			);
			path = Request;
			sourceTree = "<group>";
		};
		2D775F792AFF794800AC0175 /* NetworkingService */ = {
			isa = PBXGroup;
			children = (
				2D775F7A2AFF794800AC0175 /* NetworkingService.h */,
				2D3137D12AFE660700AF9277 /* Requests */,
				2D3137BE2AFE2EA400AF9277 /* Session */,
			);
			path = NetworkingService;
			sourceTree = "<group>";
		};
		2D775F8A2AFF7AEB00AC0175 /* TMDBService */ = {
			isa = PBXGroup;
			children = (
				2D775F8B2AFF7AEB00AC0175 /* TMDBService.h */,
				2D3137CA2AFE554600AF9277 /* Models */,
				2D3137C52AFE2F9800AF9277 /* TMDBService */,
			);
			path = TMDBService;
			sourceTree = "<group>";
		};
/* End PBXGroup section */

/* Begin PBXHeadersBuildPhase section */
		2D775F732AFF794800AC0175 /* Headers */ = {
			isa = PBXHeadersBuildPhase;
			buildActionMask = 2147483647;
			files = (
				2D775F7B2AFF794800AC0175 /* NetworkingService.h in Headers */,
			);
			runOnlyForDeploymentPostprocessing = 0;
		};
		2D775F842AFF7AEB00AC0175 /* Headers */ = {
			isa = PBXHeadersBuildPhase;
			buildActionMask = 2147483647;
			files = (
				2D775F8C2AFF7AEB00AC0175 /* TMDBService.h in Headers */,
			);
			runOnlyForDeploymentPostprocessing = 0;
		};
/* End PBXHeadersBuildPhase section */

/* Begin PBXNativeTarget section */
		2D3137702AFE0A5200AF9277 /* Movies */ = {
			isa = PBXNativeTarget;
			buildConfigurationList = 2D3137852AFE0A5300AF9277 /* Build configuration list for PBXNativeTarget "Movies" */;
			buildPhases = (
				2D31376D2AFE0A5200AF9277 /* Sources */,
				2D31376E2AFE0A5200AF9277 /* Frameworks */,
				2D31376F2AFE0A5200AF9277 /* Resources */,
				2D775F802AFF794800AC0175 /* Embed Frameworks */,
			);
			buildRules = (
			);
			dependencies = (
				2D775F7D2AFF794800AC0175 /* PBXTargetDependency */,
				2D775F8E2AFF7AEB00AC0175 /* PBXTargetDependency */,
			);
			name = Movies;
			productName = Movies;
			productReference = 2D3137712AFE0A5200AF9277 /* Movies.app */;
			productType = "com.apple.product-type.application";
		};
		2D775F772AFF794800AC0175 /* NetworkingService */ = {
			isa = PBXNativeTarget;
			buildConfigurationList = 2D775F832AFF794800AC0175 /* Build configuration list for PBXNativeTarget "NetworkingService" */;
			buildPhases = (
				2D775F732AFF794800AC0175 /* Headers */,
				2D775F742AFF794800AC0175 /* Sources */,
				2D775F752AFF794800AC0175 /* Frameworks */,
				2D775F762AFF794800AC0175 /* Resources */,
			);
			buildRules = (
			);
			dependencies = (
			);
			name = NetworkingService;
			productName = NetworkingService;
			productReference = 2D775F782AFF794800AC0175 /* NetworkingService.framework */;
			productType = "com.apple.product-type.framework";
		};
		2D775F882AFF7AEB00AC0175 /* TMDBService */ = {
			isa = PBXNativeTarget;
			buildConfigurationList = 2D775F912AFF7AEB00AC0175 /* Build configuration list for PBXNativeTarget "TMDBService" */;
			buildPhases = (
				2D775F842AFF7AEB00AC0175 /* Headers */,
				2D775F852AFF7AEB00AC0175 /* Sources */,
				2D775F862AFF7AEB00AC0175 /* Frameworks */,
				2D775F872AFF7AEB00AC0175 /* Resources */,
			);
			buildRules = (
			);
			dependencies = (
			);
			name = TMDBService;
			productName = TMDBService;
			productReference = 2D775F892AFF7AEB00AC0175 /* TMDBService.framework */;
			productType = "com.apple.product-type.framework";
		};
/* End PBXNativeTarget section */

/* Begin PBXProject section */
		2D3137692AFE0A5200AF9277 /* Project object */ = {
			isa = PBXProject;
			attributes = {
				BuildIndependentTargetsInParallel = 1;
				LastSwiftUpdateCheck = 1500;
				LastUpgradeCheck = 1500;
				TargetAttributes = {
					2D3137702AFE0A5200AF9277 = {
						CreatedOnToolsVersion = 15.0.1;
					};
					2D775F772AFF794800AC0175 = {
						CreatedOnToolsVersion = 15.0.1;
					};
					2D775F882AFF7AEB00AC0175 = {
						CreatedOnToolsVersion = 15.0.1;
					};
				};
			};
			buildConfigurationList = 2D31376C2AFE0A5200AF9277 /* Build configuration list for PBXProject "Movies" */;
			compatibilityVersion = "Xcode 14.0";
			developmentRegion = en;
			hasScannedForEncodings = 0;
			knownRegions = (
				en,
				Base,
			);
			mainGroup = 2D3137682AFE0A5200AF9277;
			productRefGroup = 2D3137722AFE0A5200AF9277 /* Products */;
			projectDirPath = "";
			projectRoot = "";
			targets = (
				2D3137702AFE0A5200AF9277 /* Movies */,
				2D775F772AFF794800AC0175 /* NetworkingService */,
				2D775F882AFF7AEB00AC0175 /* TMDBService */,
			);
		};
/* End PBXProject section */

/* Begin PBXResourcesBuildPhase section */
		2D31376F2AFE0A5200AF9277 /* Resources */ = {
			isa = PBXResourcesBuildPhase;
			buildActionMask = 2147483647;
			files = (
				2D3137B02AFE1B4A00AF9277 /* MovieDetailsViewController.xib in Resources */,
				2D3137812AFE0A5300AF9277 /* LaunchScreen.storyboard in Resources */,
				2D31379D2AFE117600AF9277 /* MovieCell.xib in Resources */,
				2D31377E2AFE0A5300AF9277 /* Assets.xcassets in Resources */,
			);
			runOnlyForDeploymentPostprocessing = 0;
		};
		2D775F762AFF794800AC0175 /* Resources */ = {
			isa = PBXResourcesBuildPhase;
			buildActionMask = 2147483647;
			files = (
			);
			runOnlyForDeploymentPostprocessing = 0;
		};
		2D775F872AFF7AEB00AC0175 /* Resources */ = {
			isa = PBXResourcesBuildPhase;
			buildActionMask = 2147483647;
			files = (
			);
			runOnlyForDeploymentPostprocessing = 0;
		};
/* End PBXResourcesBuildPhase section */

/* Begin PBXSourcesBuildPhase section */
		2D31376D2AFE0A5200AF9277 /* Sources */ = {
			isa = PBXSourcesBuildPhase;
			buildActionMask = 2147483647;
			files = (
				2D3137A82AFE188800AF9277 /* MainNavigationController.swift in Sources */,
				2D3137CC2AFE555C00AF9277 /* APIMovieDetails.swift in Sources */,
				2D3137D02AFE5E8000AF9277 /* APIRequest.swift in Sources */,
				2D3137D92AFEC64F00AF9277 /* MovieDetails.swift in Sources */,
				2D3137D32AFE684000AF9277 /* APIRequestLoading.swift in Sources */,
				2D3137CE2AFE5E3800AF9277 /* APIRequestConvertible.swift in Sources */,
				2D3137792AFE0A5200AF9277 /* MoviesViewController.swift in Sources */,
				2D3137A02AFE122C00AF9277 /* MovieCellViewModel.swift in Sources */,
				2D3137B62AFE1CE700AF9277 /* MovieDetailsRootView.swift in Sources */,
				2D31379C2AFE117600AF9277 /* MovieCell.swift in Sources */,
				2D3137B82AFE1D0A00AF9277 /* MovieDetailsViewModel.swift in Sources */,
				2D3137C92AFE520A00AF9277 /* APIMovie.swift in Sources */,
				2D3137752AFE0A5200AF9277 /* AppDelegate.swift in Sources */,
				2D3137BD2AFE2E5400AF9277 /* TMDBServiceRepository.swift in Sources */,
				2D31378A2AFE0B0800AF9277 /* AppDependencyContainer.swift in Sources */,
				2D3137AB2AFE191C00AF9277 /* MovieSelectionResponder.swift in Sources */,
				2D3137982AFE10D100AF9277 /* MoviesViewModel.swift in Sources */,
				2D3137AF2AFE1B4A00AF9277 /* MovieDetailsViewController.swift in Sources */,
				2D3137772AFE0A5200AF9277 /* SceneDelegate.swift in Sources */,
				2D3137C22AFE2F6200AF9277 /* TMDBAPI.swift in Sources */,
				2D3137C02AFE2EF300AF9277 /* NetworkingSession.swift in Sources */,
				2D3137C42AFE2F9000AF9277 /* TMDBService.swift in Sources */,
				2D3137942AFE104500AF9277 /* MoviesRootView.swift in Sources */,
				2D3137C72AFE307600AF9277 /* NetworkError.swift in Sources */,
				2D3137D52AFE684600AF9277 /* APIRequestLoader.swift in Sources */,
			);
			runOnlyForDeploymentPostprocessing = 0;
		};
		2D775F742AFF794800AC0175 /* Sources */ = {
			isa = PBXSourcesBuildPhase;
			buildActionMask = 2147483647;
			files = (
			);
			runOnlyForDeploymentPostprocessing = 0;
		};
		2D775F852AFF7AEB00AC0175 /* Sources */ = {
			isa = PBXSourcesBuildPhase;
			buildActionMask = 2147483647;
			files = (
			);
			runOnlyForDeploymentPostprocessing = 0;
		};
/* End PBXSourcesBuildPhase section */

/* Begin PBXTargetDependency section */
		2D775F7D2AFF794800AC0175 /* PBXTargetDependency */ = {
			isa = PBXTargetDependency;
			target = 2D775F772AFF794800AC0175 /* NetworkingService */;
			targetProxy = 2D775F7C2AFF794800AC0175 /* PBXContainerItemProxy */;
		};
		2D775F8E2AFF7AEB00AC0175 /* PBXTargetDependency */ = {
			isa = PBXTargetDependency;
			target = 2D775F882AFF7AEB00AC0175 /* TMDBService */;
			targetProxy = 2D775F8D2AFF7AEB00AC0175 /* PBXContainerItemProxy */;
		};
/* End PBXTargetDependency section */

/* Begin PBXVariantGroup section */
		2D31377F2AFE0A5300AF9277 /* LaunchScreen.storyboard */ = {
			isa = PBXVariantGroup;
			children = (
				2D3137802AFE0A5300AF9277 /* Base */,
			);
			name = LaunchScreen.storyboard;
			sourceTree = "<group>";
		};
/* End PBXVariantGroup section */

/* Begin XCBuildConfiguration section */
		2D3137832AFE0A5300AF9277 /* Debug */ = {
			isa = XCBuildConfiguration;
			buildSettings = {
				ALWAYS_SEARCH_USER_PATHS = NO;
				ASSETCATALOG_COMPILER_GENERATE_SWIFT_ASSET_SYMBOL_EXTENSIONS = YES;
				CLANG_ANALYZER_NONNULL = YES;
				CLANG_ANALYZER_NUMBER_OBJECT_CONVERSION = YES_AGGRESSIVE;
				CLANG_CXX_LANGUAGE_STANDARD = "gnu++20";
				CLANG_ENABLE_MODULES = YES;
				CLANG_ENABLE_OBJC_ARC = YES;
				CLANG_ENABLE_OBJC_WEAK = YES;
				CLANG_WARN_BLOCK_CAPTURE_AUTORELEASING = YES;
				CLANG_WARN_BOOL_CONVERSION = YES;
				CLANG_WARN_COMMA = YES;
				CLANG_WARN_CONSTANT_CONVERSION = YES;
				CLANG_WARN_DEPRECATED_OBJC_IMPLEMENTATIONS = YES;
				CLANG_WARN_DIRECT_OBJC_ISA_USAGE = YES_ERROR;
				CLANG_WARN_DOCUMENTATION_COMMENTS = YES;
				CLANG_WARN_EMPTY_BODY = YES;
				CLANG_WARN_ENUM_CONVERSION = YES;
				CLANG_WARN_INFINITE_RECURSION = YES;
				CLANG_WARN_INT_CONVERSION = YES;
				CLANG_WARN_NON_LITERAL_NULL_CONVERSION = YES;
				CLANG_WARN_OBJC_IMPLICIT_RETAIN_SELF = YES;
				CLANG_WARN_OBJC_LITERAL_CONVERSION = YES;
				CLANG_WARN_OBJC_ROOT_CLASS = YES_ERROR;
				CLANG_WARN_QUOTED_INCLUDE_IN_FRAMEWORK_HEADER = YES;
				CLANG_WARN_RANGE_LOOP_ANALYSIS = YES;
				CLANG_WARN_STRICT_PROTOTYPES = YES;
				CLANG_WARN_SUSPICIOUS_MOVE = YES;
				CLANG_WARN_UNGUARDED_AVAILABILITY = YES_AGGRESSIVE;
				CLANG_WARN_UNREACHABLE_CODE = YES;
				CLANG_WARN__DUPLICATE_METHOD_MATCH = YES;
				COPY_PHASE_STRIP = NO;
				DEBUG_INFORMATION_FORMAT = dwarf;
				ENABLE_STRICT_OBJC_MSGSEND = YES;
				ENABLE_TESTABILITY = YES;
				ENABLE_USER_SCRIPT_SANDBOXING = YES;
				GCC_C_LANGUAGE_STANDARD = gnu17;
				GCC_DYNAMIC_NO_PIC = NO;
				GCC_NO_COMMON_BLOCKS = YES;
				GCC_OPTIMIZATION_LEVEL = 0;
				GCC_PREPROCESSOR_DEFINITIONS = (
					"DEBUG=1",
					"$(inherited)",
				);
				GCC_WARN_64_TO_32_BIT_CONVERSION = YES;
				GCC_WARN_ABOUT_RETURN_TYPE = YES_ERROR;
				GCC_WARN_UNDECLARED_SELECTOR = YES;
				GCC_WARN_UNINITIALIZED_AUTOS = YES_AGGRESSIVE;
				GCC_WARN_UNUSED_FUNCTION = YES;
				GCC_WARN_UNUSED_VARIABLE = YES;
				IPHONEOS_DEPLOYMENT_TARGET = 17.0;
				LOCALIZATION_PREFERS_STRING_CATALOGS = YES;
				MTL_ENABLE_DEBUG_INFO = INCLUDE_SOURCE;
				MTL_FAST_MATH = YES;
				ONLY_ACTIVE_ARCH = YES;
				SDKROOT = iphoneos;
				SWIFT_ACTIVE_COMPILATION_CONDITIONS = "DEBUG $(inherited)";
				SWIFT_OPTIMIZATION_LEVEL = "-Onone";
			};
			name = Debug;
		};
		2D3137842AFE0A5300AF9277 /* Release */ = {
			isa = XCBuildConfiguration;
			buildSettings = {
				ALWAYS_SEARCH_USER_PATHS = NO;
				ASSETCATALOG_COMPILER_GENERATE_SWIFT_ASSET_SYMBOL_EXTENSIONS = YES;
				CLANG_ANALYZER_NONNULL = YES;
				CLANG_ANALYZER_NUMBER_OBJECT_CONVERSION = YES_AGGRESSIVE;
				CLANG_CXX_LANGUAGE_STANDARD = "gnu++20";
				CLANG_ENABLE_MODULES = YES;
				CLANG_ENABLE_OBJC_ARC = YES;
				CLANG_ENABLE_OBJC_WEAK = YES;
				CLANG_WARN_BLOCK_CAPTURE_AUTORELEASING = YES;
				CLANG_WARN_BOOL_CONVERSION = YES;
				CLANG_WARN_COMMA = YES;
				CLANG_WARN_CONSTANT_CONVERSION = YES;
				CLANG_WARN_DEPRECATED_OBJC_IMPLEMENTATIONS = YES;
				CLANG_WARN_DIRECT_OBJC_ISA_USAGE = YES_ERROR;
				CLANG_WARN_DOCUMENTATION_COMMENTS = YES;
				CLANG_WARN_EMPTY_BODY = YES;
				CLANG_WARN_ENUM_CONVERSION = YES;
				CLANG_WARN_INFINITE_RECURSION = YES;
				CLANG_WARN_INT_CONVERSION = YES;
				CLANG_WARN_NON_LITERAL_NULL_CONVERSION = YES;
				CLANG_WARN_OBJC_IMPLICIT_RETAIN_SELF = YES;
				CLANG_WARN_OBJC_LITERAL_CONVERSION = YES;
				CLANG_WARN_OBJC_ROOT_CLASS = YES_ERROR;
				CLANG_WARN_QUOTED_INCLUDE_IN_FRAMEWORK_HEADER = YES;
				CLANG_WARN_RANGE_LOOP_ANALYSIS = YES;
				CLANG_WARN_STRICT_PROTOTYPES = YES;
				CLANG_WARN_SUSPICIOUS_MOVE = YES;
				CLANG_WARN_UNGUARDED_AVAILABILITY = YES_AGGRESSIVE;
				CLANG_WARN_UNREACHABLE_CODE = YES;
				CLANG_WARN__DUPLICATE_METHOD_MATCH = YES;
				COPY_PHASE_STRIP = NO;
				DEBUG_INFORMATION_FORMAT = "dwarf-with-dsym";
				ENABLE_NS_ASSERTIONS = NO;
				ENABLE_STRICT_OBJC_MSGSEND = YES;
				ENABLE_USER_SCRIPT_SANDBOXING = YES;
				GCC_C_LANGUAGE_STANDARD = gnu17;
				GCC_NO_COMMON_BLOCKS = YES;
				GCC_WARN_64_TO_32_BIT_CONVERSION = YES;
				GCC_WARN_ABOUT_RETURN_TYPE = YES_ERROR;
				GCC_WARN_UNDECLARED_SELECTOR = YES;
				GCC_WARN_UNINITIALIZED_AUTOS = YES_AGGRESSIVE;
				GCC_WARN_UNUSED_FUNCTION = YES;
				GCC_WARN_UNUSED_VARIABLE = YES;
				IPHONEOS_DEPLOYMENT_TARGET = 17.0;
				LOCALIZATION_PREFERS_STRING_CATALOGS = YES;
				MTL_ENABLE_DEBUG_INFO = NO;
				MTL_FAST_MATH = YES;
				SDKROOT = iphoneos;
				SWIFT_COMPILATION_MODE = wholemodule;
				VALIDATE_PRODUCT = YES;
			};
			name = Release;
		};
		2D3137862AFE0A5300AF9277 /* Debug */ = {
			isa = XCBuildConfiguration;
			buildSettings = {
				ASSETCATALOG_COMPILER_APPICON_NAME = AppIcon;
				ASSETCATALOG_COMPILER_GLOBAL_ACCENT_COLOR_NAME = AccentColor;
				CODE_SIGN_STYLE = Automatic;
				CURRENT_PROJECT_VERSION = 1;
				DEVELOPMENT_TEAM = "";
				GENERATE_INFOPLIST_FILE = YES;
				INFOPLIST_FILE = Movies/Support/Info.plist;
				INFOPLIST_KEY_UIApplicationSupportsIndirectInputEvents = YES;
				INFOPLIST_KEY_UILaunchStoryboardName = LaunchScreen;
				INFOPLIST_KEY_UISupportedInterfaceOrientations_iPad = "UIInterfaceOrientationPortrait UIInterfaceOrientationPortraitUpsideDown UIInterfaceOrientationLandscapeLeft UIInterfaceOrientationLandscapeRight";
				INFOPLIST_KEY_UISupportedInterfaceOrientations_iPhone = "UIInterfaceOrientationPortrait UIInterfaceOrientationLandscapeLeft UIInterfaceOrientationLandscapeRight";
				LD_RUNPATH_SEARCH_PATHS = (
					"$(inherited)",
					"@executable_path/Frameworks",
				);
				MARKETING_VERSION = 1.0;
				PRODUCT_BUNDLE_IDENTIFIER = com.iAmrMohamed.Movies;
				PRODUCT_NAME = "$(TARGET_NAME)";
				SWIFT_EMIT_LOC_STRINGS = YES;
				SWIFT_VERSION = 5.0;
				TARGETED_DEVICE_FAMILY = "1,2";
			};
			name = Debug;
		};
		2D3137872AFE0A5300AF9277 /* Release */ = {
			isa = XCBuildConfiguration;
			buildSettings = {
				ASSETCATALOG_COMPILER_APPICON_NAME = AppIcon;
				ASSETCATALOG_COMPILER_GLOBAL_ACCENT_COLOR_NAME = AccentColor;
				CODE_SIGN_STYLE = Automatic;
				CURRENT_PROJECT_VERSION = 1;
				DEVELOPMENT_TEAM = "";
				GENERATE_INFOPLIST_FILE = YES;
				INFOPLIST_FILE = Movies/Support/Info.plist;
				INFOPLIST_KEY_UIApplicationSupportsIndirectInputEvents = YES;
				INFOPLIST_KEY_UILaunchStoryboardName = LaunchScreen;
				INFOPLIST_KEY_UISupportedInterfaceOrientations_iPad = "UIInterfaceOrientationPortrait UIInterfaceOrientationPortraitUpsideDown UIInterfaceOrientationLandscapeLeft UIInterfaceOrientationLandscapeRight";
				INFOPLIST_KEY_UISupportedInterfaceOrientations_iPhone = "UIInterfaceOrientationPortrait UIInterfaceOrientationLandscapeLeft UIInterfaceOrientationLandscapeRight";
				LD_RUNPATH_SEARCH_PATHS = (
					"$(inherited)",
					"@executable_path/Frameworks",
				);
				MARKETING_VERSION = 1.0;
				PRODUCT_BUNDLE_IDENTIFIER = com.iAmrMohamed.Movies;
				PRODUCT_NAME = "$(TARGET_NAME)";
				SWIFT_EMIT_LOC_STRINGS = YES;
				SWIFT_VERSION = 5.0;
				TARGETED_DEVICE_FAMILY = "1,2";
			};
			name = Release;
		};
		2D775F812AFF794800AC0175 /* Debug */ = {
			isa = XCBuildConfiguration;
			buildSettings = {
				CODE_SIGN_STYLE = Automatic;
				CURRENT_PROJECT_VERSION = 1;
				DEFINES_MODULE = YES;
				DEVELOPMENT_TEAM = "";
				DYLIB_COMPATIBILITY_VERSION = 1;
				DYLIB_CURRENT_VERSION = 1;
				DYLIB_INSTALL_NAME_BASE = "@rpath";
				ENABLE_MODULE_VERIFIER = YES;
				GENERATE_INFOPLIST_FILE = YES;
				INFOPLIST_KEY_NSHumanReadableCopyright = "";
				INSTALL_PATH = "$(LOCAL_LIBRARY_DIR)/Frameworks";
				LD_RUNPATH_SEARCH_PATHS = (
					"$(inherited)",
					"@executable_path/Frameworks",
					"@loader_path/Frameworks",
				);
				MARKETING_VERSION = 1.0;
				MODULE_VERIFIER_SUPPORTED_LANGUAGES = "objective-c objective-c++";
				MODULE_VERIFIER_SUPPORTED_LANGUAGE_STANDARDS = "gnu17 gnu++20";
				PRODUCT_BUNDLE_IDENTIFIER = com.iAmrMohamed.NetworkingService;
				PRODUCT_NAME = "$(TARGET_NAME:c99extidentifier)";
				SKIP_INSTALL = YES;
				SWIFT_EMIT_LOC_STRINGS = YES;
				SWIFT_VERSION = 5.0;
				TARGETED_DEVICE_FAMILY = "1,2";
				VERSIONING_SYSTEM = "apple-generic";
				VERSION_INFO_PREFIX = "";
			};
			name = Debug;
		};
		2D775F822AFF794800AC0175 /* Release */ = {
			isa = XCBuildConfiguration;
			buildSettings = {
				CODE_SIGN_STYLE = Automatic;
				CURRENT_PROJECT_VERSION = 1;
				DEFINES_MODULE = YES;
				DEVELOPMENT_TEAM = "";
				DYLIB_COMPATIBILITY_VERSION = 1;
				DYLIB_CURRENT_VERSION = 1;
				DYLIB_INSTALL_NAME_BASE = "@rpath";
				ENABLE_MODULE_VERIFIER = YES;
				GENERATE_INFOPLIST_FILE = YES;
				INFOPLIST_KEY_NSHumanReadableCopyright = "";
				INSTALL_PATH = "$(LOCAL_LIBRARY_DIR)/Frameworks";
				LD_RUNPATH_SEARCH_PATHS = (
					"$(inherited)",
					"@executable_path/Frameworks",
					"@loader_path/Frameworks",
				);
				MARKETING_VERSION = 1.0;
				MODULE_VERIFIER_SUPPORTED_LANGUAGES = "objective-c objective-c++";
				MODULE_VERIFIER_SUPPORTED_LANGUAGE_STANDARDS = "gnu17 gnu++20";
				PRODUCT_BUNDLE_IDENTIFIER = com.iAmrMohamed.NetworkingService;
				PRODUCT_NAME = "$(TARGET_NAME:c99extidentifier)";
				SKIP_INSTALL = YES;
				SWIFT_EMIT_LOC_STRINGS = YES;
				SWIFT_VERSION = 5.0;
				TARGETED_DEVICE_FAMILY = "1,2";
				VERSIONING_SYSTEM = "apple-generic";
				VERSION_INFO_PREFIX = "";
			};
			name = Release;
		};
		2D775F922AFF7AEB00AC0175 /* Debug */ = {
			isa = XCBuildConfiguration;
			buildSettings = {
				CODE_SIGN_STYLE = Automatic;
				CURRENT_PROJECT_VERSION = 1;
				DEFINES_MODULE = YES;
				DEVELOPMENT_TEAM = "";
				DYLIB_COMPATIBILITY_VERSION = 1;
				DYLIB_CURRENT_VERSION = 1;
				DYLIB_INSTALL_NAME_BASE = "@rpath";
				ENABLE_MODULE_VERIFIER = YES;
				GENERATE_INFOPLIST_FILE = YES;
				INFOPLIST_KEY_NSHumanReadableCopyright = "";
				INSTALL_PATH = "$(LOCAL_LIBRARY_DIR)/Frameworks";
				LD_RUNPATH_SEARCH_PATHS = (
					"$(inherited)",
					"@executable_path/Frameworks",
					"@loader_path/Frameworks",
				);
				MARKETING_VERSION = 1.0;
				MODULE_VERIFIER_SUPPORTED_LANGUAGES = "objective-c objective-c++";
				MODULE_VERIFIER_SUPPORTED_LANGUAGE_STANDARDS = "gnu17 gnu++20";
				PRODUCT_BUNDLE_IDENTIFIER = com.iAmrMohamed.TMDBService;
				PRODUCT_NAME = "$(TARGET_NAME:c99extidentifier)";
				SKIP_INSTALL = YES;
				SWIFT_EMIT_LOC_STRINGS = YES;
				SWIFT_VERSION = 5.0;
				TARGETED_DEVICE_FAMILY = "1,2";
				VERSIONING_SYSTEM = "apple-generic";
				VERSION_INFO_PREFIX = "";
			};
			name = Debug;
		};
		2D775F932AFF7AEB00AC0175 /* Release */ = {
			isa = XCBuildConfiguration;
			buildSettings = {
				CODE_SIGN_STYLE = Automatic;
				CURRENT_PROJECT_VERSION = 1;
				DEFINES_MODULE = YES;
				DEVELOPMENT_TEAM = "";
				DYLIB_COMPATIBILITY_VERSION = 1;
				DYLIB_CURRENT_VERSION = 1;
				DYLIB_INSTALL_NAME_BASE = "@rpath";
				ENABLE_MODULE_VERIFIER = YES;
				GENERATE_INFOPLIST_FILE = YES;
				INFOPLIST_KEY_NSHumanReadableCopyright = "";
				INSTALL_PATH = "$(LOCAL_LIBRARY_DIR)/Frameworks";
				LD_RUNPATH_SEARCH_PATHS = (
					"$(inherited)",
					"@executable_path/Frameworks",
					"@loader_path/Frameworks",
				);
				MARKETING_VERSION = 1.0;
				MODULE_VERIFIER_SUPPORTED_LANGUAGES = "objective-c objective-c++";
				MODULE_VERIFIER_SUPPORTED_LANGUAGE_STANDARDS = "gnu17 gnu++20";
				PRODUCT_BUNDLE_IDENTIFIER = com.iAmrMohamed.TMDBService;
				PRODUCT_NAME = "$(TARGET_NAME:c99extidentifier)";
				SKIP_INSTALL = YES;
				SWIFT_EMIT_LOC_STRINGS = YES;
				SWIFT_VERSION = 5.0;
				TARGETED_DEVICE_FAMILY = "1,2";
				VERSIONING_SYSTEM = "apple-generic";
				VERSION_INFO_PREFIX = "";
			};
			name = Release;
		};
/* End XCBuildConfiguration section */

/* Begin XCConfigurationList section */
		2D31376C2AFE0A5200AF9277 /* Build configuration list for PBXProject "Movies" */ = {
			isa = XCConfigurationList;
			buildConfigurations = (
				2D3137832AFE0A5300AF9277 /* Debug */,
				2D3137842AFE0A5300AF9277 /* Release */,
			);
			defaultConfigurationIsVisible = 0;
			defaultConfigurationName = Release;
		};
		2D3137852AFE0A5300AF9277 /* Build configuration list for PBXNativeTarget "Movies" */ = {
			isa = XCConfigurationList;
			buildConfigurations = (
				2D3137862AFE0A5300AF9277 /* Debug */,
				2D3137872AFE0A5300AF9277 /* Release */,
			);
			defaultConfigurationIsVisible = 0;
			defaultConfigurationName = Release;
		};
		2D775F832AFF794800AC0175 /* Build configuration list for PBXNativeTarget "NetworkingService" */ = {
			isa = XCConfigurationList;
			buildConfigurations = (
				2D775F812AFF794800AC0175 /* Debug */,
				2D775F822AFF794800AC0175 /* Release */,
			);
			defaultConfigurationIsVisible = 0;
			defaultConfigurationName = Release;
		};
		2D775F912AFF7AEB00AC0175 /* Build configuration list for PBXNativeTarget "TMDBService" */ = {
			isa = XCConfigurationList;
			buildConfigurations = (
				2D775F922AFF7AEB00AC0175 /* Debug */,
				2D775F932AFF7AEB00AC0175 /* Release */,
			);
			defaultConfigurationIsVisible = 0;
			defaultConfigurationName = Release;
		};
/* End XCConfigurationList section */
	};
	rootObject = 2D3137692AFE0A5200AF9277 /* Project object */;
}
